// !$*UTF8*$!
{
	archiveVersion = 1;
	classes = {
	};
	objectVersion = 50;
	objects = {

/* Begin PBXGroup section */
		DF7B21C022B58E0B00BFE2B5 = {
			isa = PBXGroup;
			children = (
			);
			sourceTree = "<group>";
		};
/* End PBXGroup section */

/* Begin PBXProject section */
		DF7B21C122B58E0B00BFE2B5 /* Project object */ = {
			isa = PBXProject;
			attributes = {
				LastUpgradeCheck = 1020;
			};
			buildConfigurationList = DF7B21C422B58E0B00BFE2B5 /* Build configuration list for PBXProject "T440S" */;
			compatibilityVersion = "Xcode 9.3";
			developmentRegion = en;
			hasScannedForEncodings = 0;
			knownRegions = (
				en,
			);
			mainGroup = DF7B21C022B58E0B00BFE2B5;
			projectDirPath = "";
			projectRoot = "";
			targets = (
			);
		};
/* End PBXProject section */

/* Begin XCBuildConfiguration section */
		DF7B21C522B58E0B00BFE2B5 /* Debug */ = {
			isa = XCBuildConfiguration;
			buildSettings = {
			};
			name = Debug;
		};
		DF7B21C622B58E0B00BFE2B5 /* Release */ = {
			isa = XCBuildConfiguration;
			buildSettings = {
			};
			name = Release;
		};
/* End XCBuildConfiguration section */

/* Begin XCConfigurationList section */
		DF7B21C422B58E0B00BFE2B5 /* Build configuration list for PBXProject "T440S" */ = {
			isa = XCConfigurationList;
			buildConfigurations = (
				DF7B21C522B58E0B00BFE2B5 /* Debug */,
				DF7B21C622B58E0B00BFE2B5 /* Release */,
			);
			defaultConfigurationIsVisible = 0;
			defaultConfigurationName = Release;
		};
/* End XCConfigurationList section */
	};
	rootObject = DF7B21C122B58E0B00BFE2B5 /* Project object */;
}
