// !$*UTF8*$!
{
	archiveVersion = 1;
	classes = {
	};
	objectVersion = 50;
	objects = {

/* Begin PBXFileReference section */
		DF7ACF0F2308A0340033F44A /* SSDT-T440S.aml */ = {isa = PBXFileReference; lastKnownFileType = file; path = "SSDT-T440S.aml"; sourceTree = "<group>"; };
		DF7B21C722B58E4A00BFE2B5 /* hotpatch */ = {isa = PBXFileReference; lastKnownFileType = folder; path = hotpatch; sourceTree = "<group>"; };
		DF7B21C822B58E4B00BFE2B5 /* SystemLogo */ = {isa = PBXFileReference; lastKnownFileType = folder; path = SystemLogo; sourceTree = "<group>"; };
		DF7B21C922B58E4B00BFE2B5 /* config.plist */ = {isa = PBXFileReference; lastKnownFileType = text.plist.xml; path = config.plist; sourceTree = "<group>"; };
		DF7B21CA22B58E4B00BFE2B5 /* Audio */ = {isa = PBXFileReference; lastKnownFileType = folder; path = Audio; sourceTree = "<group>"; };
		DF94E18222C8218900A458C7 /* kexts */ = {isa = PBXFileReference; lastKnownFileType = folder; path = kexts; sourceTree = "<group>"; };
		DF94E18322C8219200A458C7 /* Themes */ = {isa = PBXFileReference; lastKnownFileType = folder; path = Themes; sourceTree = "<group>"; };
/* End PBXFileReference section */

/* Begin PBXGroup section */
		DF7B21C022B58E0B00BFE2B5 = {
			isa = PBXGroup;
			children = (
				DF7ACF0F2308A0340033F44A /* SSDT-T440S.aml */,
				DF7B21C922B58E4B00BFE2B5 /* config.plist */,
				DF94E18322C8219200A458C7 /* Themes */,
				DF94E18222C8218900A458C7 /* kexts */,
				DF7B21CA22B58E4B00BFE2B5 /* Audio */,
				DF7B21C722B58E4A00BFE2B5 /* hotpatch */,
				DF7B21C822B58E4B00BFE2B5 /* SystemLogo */,
			);
			sourceTree = "<group>";
		};
/* End PBXGroup section */

/* Begin PBXProject section */
		DF7B21C122B58E0B00BFE2B5 /* Project object */ = {
			isa = PBXProject;
			attributes = {
				LastUpgradeCheck = 1020;
			};
			buildConfigurationList = DF7B21C422B58E0B00BFE2B5 /* Build configuration list for PBXProject "T440S" */;
			compatibilityVersion = "Xcode 9.3";
			developmentRegion = en;
			hasScannedForEncodings = 0;
			knownRegions = (
				en,
			);
			mainGroup = DF7B21C022B58E0B00BFE2B5;
			projectDirPath = "";
			projectRoot = "";
			targets = (
			);
		};
/* End PBXProject section */

/* Begin XCBuildConfiguration section */
		DF7B21C522B58E0B00BFE2B5 /* Debug */ = {
			isa = XCBuildConfiguration;
			buildSettings = {
			};
			name = Debug;
		};
		DF7B21C622B58E0B00BFE2B5 /* Release */ = {
			isa = XCBuildConfiguration;
			buildSettings = {
			};
			name = Release;
		};
/* End XCBuildConfiguration section */

/* Begin XCConfigurationList section */
		DF7B21C422B58E0B00BFE2B5 /* Build configuration list for PBXProject "T440S" */ = {
			isa = XCConfigurationList;
			buildConfigurations = (
				DF7B21C522B58E0B00BFE2B5 /* Debug */,
				DF7B21C622B58E0B00BFE2B5 /* Release */,
			);
			defaultConfigurationIsVisible = 0;
			defaultConfigurationName = Release;
		};
/* End XCConfigurationList section */
	};
	rootObject = DF7B21C122B58E0B00BFE2B5 /* Project object */;
}
